
Microsoft Visual Studio Solution File, Format Version 12.00
# Visual Studio Version 17
VisualStudioVersion = 17.5.33516.290
MinimumVisualStudioVersion = 10.0.40219.1
Project("{9A19103F-16F7-4668-BE54-9A1E7A4F7556}") = "ConsoleApp", "ConsoleApp\ConsoleApp.csproj", "{53EB33EB-EB3F-4603-B7A7-8466C5AE6433}"
EndProject
Project("{2150E333-8FDC-42A3-9474-1A3956D46DE8}") = "src", "src", "{FB0E983C-6D6F-47BB-8D75-18863F6C9F2E}"
EndProject
Project("{9A19103F-16F7-4668-BE54-9A1E7A4F7556}") = "Domain", "Domain\Domain.csproj", "{23E40EE8-6091-44BF-BD90-92939AF74588}"
EndProject
Project("{9A19103F-16F7-4668-BE54-9A1E7A4F7556}") = "API", "API\API.csproj", "{BBE8C244-DA87-4D81-9E28-0A660C8D45C3}"
EndProject
Project("{9A19103F-16F7-4668-BE54-9A1E7A4F7556}") = "Infrastructure", "Infrastructure\Infrastructure.csproj", "{4944B1A6-54D5-47B9-9EFA-DD0F993E7EA4}"
EndProject
Project("{9A19103F-16F7-4668-BE54-9A1E7A4F7556}") = "Shared", "Shared\Shared.csproj", "{7D171EF1-FED3-43F0-9CBC-EBD0FD82519C}"
EndProject
Project("{2150E333-8FDC-42A3-9474-1A3956D46DE8}") = "tests", "tests", "{3B039AD2-C527-47D0-8D5E-1F43D62B9FF6}"
EndProject
Project("{FAE04EC0-301F-11D3-BF4B-00C04F79EFBC}") = "API.Tests", "API.Tests\API.Tests.csproj", "{9383CAAA-9A13-4C3C-8C12-C9E063236C6E}"
EndProject
Global
	GlobalSection(SolutionConfigurationPlatforms) = preSolution
		Debug|Any CPU = Debug|Any CPU
		Release|Any CPU = Release|Any CPU
	EndGlobalSection
	GlobalSection(ProjectConfigurationPlatforms) = postSolution
		{53EB33EB-EB3F-4603-B7A7-8466C5AE6433}.Debug|Any CPU.ActiveCfg = Debug|Any CPU
		{53EB33EB-EB3F-4603-B7A7-8466C5AE6433}.Debug|Any CPU.Build.0 = Debug|Any CPU
		{53EB33EB-EB3F-4603-B7A7-8466C5AE6433}.Release|Any CPU.ActiveCfg = Release|Any CPU
		{53EB33EB-EB3F-4603-B7A7-8466C5AE6433}.Release|Any CPU.Build.0 = Release|Any CPU
		{23E40EE8-6091-44BF-BD90-92939AF74588}.Debug|Any CPU.ActiveCfg = Debug|Any CPU
		{23E40EE8-6091-44BF-BD90-92939AF74588}.Debug|Any CPU.Build.0 = Debug|Any CPU
		{23E40EE8-6091-44BF-BD90-92939AF74588}.Release|Any CPU.ActiveCfg = Release|Any CPU
		{23E40EE8-6091-44BF-BD90-92939AF74588}.Release|Any CPU.Build.0 = Release|Any CPU
		{BBE8C244-DA87-4D81-9E28-0A660C8D45C3}.Debug|Any CPU.ActiveCfg = Debug|Any CPU
		{BBE8C244-DA87-4D81-9E28-0A660C8D45C3}.Debug|Any CPU.Build.0 = Debug|Any CPU
		{BBE8C244-DA87-4D81-9E28-0A660C8D45C3}.Release|Any CPU.ActiveCfg = Release|Any CPU
		{BBE8C244-DA87-4D81-9E28-0A660C8D45C3}.Release|Any CPU.Build.0 = Release|Any CPU
		{4944B1A6-54D5-47B9-9EFA-DD0F993E7EA4}.Debug|Any CPU.ActiveCfg = Debug|Any CPU
		{4944B1A6-54D5-47B9-9EFA-DD0F993E7EA4}.Debug|Any CPU.Build.0 = Debug|Any CPU
		{4944B1A6-54D5-47B9-9EFA-DD0F993E7EA4}.Release|Any CPU.ActiveCfg = Release|Any CPU
		{4944B1A6-54D5-47B9-9EFA-DD0F993E7EA4}.Release|Any CPU.Build.0 = Release|Any CPU
		{7D171EF1-FED3-43F0-9CBC-EBD0FD82519C}.Debug|Any CPU.ActiveCfg = Debug|Any CPU
		{7D171EF1-FED3-43F0-9CBC-EBD0FD82519C}.Debug|Any CPU.Build.0 = Debug|Any CPU
		{7D171EF1-FED3-43F0-9CBC-EBD0FD82519C}.Release|Any CPU.ActiveCfg = Release|Any CPU
		{7D171EF1-FED3-43F0-9CBC-EBD0FD82519C}.Release|Any CPU.Build.0 = Release|Any CPU
		{9383CAAA-9A13-4C3C-8C12-C9E063236C6E}.Debug|Any CPU.ActiveCfg = Debug|Any CPU
		{9383CAAA-9A13-4C3C-8C12-C9E063236C6E}.Debug|Any CPU.Build.0 = Debug|Any CPU
		{9383CAAA-9A13-4C3C-8C12-C9E063236C6E}.Release|Any CPU.ActiveCfg = Release|Any CPU
		{9383CAAA-9A13-4C3C-8C12-C9E063236C6E}.Release|Any CPU.Build.0 = Release|Any CPU
	EndGlobalSection
	GlobalSection(SolutionProperties) = preSolution
		HideSolutionNode = FALSE
	EndGlobalSection
	GlobalSection(NestedProjects) = preSolution
		{23E40EE8-6091-44BF-BD90-92939AF74588} = {FB0E983C-6D6F-47BB-8D75-18863F6C9F2E}
		{BBE8C244-DA87-4D81-9E28-0A660C8D45C3} = {FB0E983C-6D6F-47BB-8D75-18863F6C9F2E}
		{4944B1A6-54D5-47B9-9EFA-DD0F993E7EA4} = {FB0E983C-6D6F-47BB-8D75-18863F6C9F2E}
		{7D171EF1-FED3-43F0-9CBC-EBD0FD82519C} = {FB0E983C-6D6F-47BB-8D75-18863F6C9F2E}
		{9383CAAA-9A13-4C3C-8C12-C9E063236C6E} = {3B039AD2-C527-47D0-8D5E-1F43D62B9FF6}
	EndGlobalSection
	GlobalSection(ExtensibilityGlobals) = postSolution
		SolutionGuid = {78D3A9E7-D8F6-43B0-9BC9-E233CCB1D1F2}
	EndGlobalSection
EndGlobal
